
Microsoft Visual Studio Solution File, Format Version 12.00
# Visual Studio Version 16
VisualStudioVersion = 16.0.29806.167
MinimumVisualStudioVersion = 10.0.40219.1
Project("{9A19103F-16F7-4668-BE54-9A1E7A4F7556}") = "Encord.Common", "Common\Encord.Common.csproj", "{420541FF-872A-4B40-8B74-7BAAAAA94559}"
EndProject
Project("{9A19103F-16F7-4668-BE54-9A1E7A4F7556}") = "Encord.AccountService", "Encord.AccountService\Encord.AccountService.csproj", "{D0922DA7-263D-4C67-AF7B-8994240EB01F}"
EndProject
Project("{9A19103F-16F7-4668-BE54-9A1E7A4F7556}") = "Encord.GuildService", "Encord.GuildService\Encord.GuildService.csproj", "{93FCC9B9-12C7-4C14-ABF2-8F5E76248BF6}"
EndProject
Project("{9A19103F-16F7-4668-BE54-9A1E7A4F7556}") = "Encord.APIGateway", "Encord.APIGateway\Encord.APIGateway.csproj", "{F887737F-A4CD-42DE-B8A3-22CB83EAF015}"
EndProject
Project("{9A19103F-16F7-4668-BE54-9A1E7A4F7556}") = "Encord.ChannelService", "Encord.ChannelService\Encord.ChannelService.csproj", "{628DB232-7398-456D-B927-DBDB1300A9DE}"
EndProject
Project("{E53339B2-1760-4266-BCC7-CA923CBCF16C}") = "docker-compose", "docker-compose.dcproj", "{9C6DEA9A-6766-470F-8032-034EB494C980}"
EndProject
Global
	GlobalSection(SolutionConfigurationPlatforms) = preSolution
		Debug|Any CPU = Debug|Any CPU
		Release|Any CPU = Release|Any CPU
	EndGlobalSection
	GlobalSection(ProjectConfigurationPlatforms) = postSolution
		{420541FF-872A-4B40-8B74-7BAAAAA94559}.Debug|Any CPU.ActiveCfg = Debug|Any CPU
		{420541FF-872A-4B40-8B74-7BAAAAA94559}.Debug|Any CPU.Build.0 = Debug|Any CPU
		{420541FF-872A-4B40-8B74-7BAAAAA94559}.Release|Any CPU.ActiveCfg = Release|Any CPU
		{420541FF-872A-4B40-8B74-7BAAAAA94559}.Release|Any CPU.Build.0 = Release|Any CPU
		{D0922DA7-263D-4C67-AF7B-8994240EB01F}.Debug|Any CPU.ActiveCfg = Debug|Any CPU
		{D0922DA7-263D-4C67-AF7B-8994240EB01F}.Debug|Any CPU.Build.0 = Debug|Any CPU
		{D0922DA7-263D-4C67-AF7B-8994240EB01F}.Release|Any CPU.ActiveCfg = Release|Any CPU
		{D0922DA7-263D-4C67-AF7B-8994240EB01F}.Release|Any CPU.Build.0 = Release|Any CPU
		{93FCC9B9-12C7-4C14-ABF2-8F5E76248BF6}.Debug|Any CPU.ActiveCfg = Debug|Any CPU
		{93FCC9B9-12C7-4C14-ABF2-8F5E76248BF6}.Debug|Any CPU.Build.0 = Debug|Any CPU
		{93FCC9B9-12C7-4C14-ABF2-8F5E76248BF6}.Release|Any CPU.ActiveCfg = Release|Any CPU
		{93FCC9B9-12C7-4C14-ABF2-8F5E76248BF6}.Release|Any CPU.Build.0 = Release|Any CPU
		{F887737F-A4CD-42DE-B8A3-22CB83EAF015}.Debug|Any CPU.ActiveCfg = Debug|Any CPU
		{F887737F-A4CD-42DE-B8A3-22CB83EAF015}.Debug|Any CPU.Build.0 = Debug|Any CPU
		{F887737F-A4CD-42DE-B8A3-22CB83EAF015}.Release|Any CPU.ActiveCfg = Release|Any CPU
		{F887737F-A4CD-42DE-B8A3-22CB83EAF015}.Release|Any CPU.Build.0 = Release|Any CPU
		{628DB232-7398-456D-B927-DBDB1300A9DE}.Debug|Any CPU.ActiveCfg = Debug|Any CPU
		{628DB232-7398-456D-B927-DBDB1300A9DE}.Debug|Any CPU.Build.0 = Debug|Any CPU
		{628DB232-7398-456D-B927-DBDB1300A9DE}.Release|Any CPU.ActiveCfg = Release|Any CPU
		{628DB232-7398-456D-B927-DBDB1300A9DE}.Release|Any CPU.Build.0 = Release|Any CPU
		{9C6DEA9A-6766-470F-8032-034EB494C980}.Debug|Any CPU.ActiveCfg = Debug|Any CPU
		{9C6DEA9A-6766-470F-8032-034EB494C980}.Debug|Any CPU.Build.0 = Debug|Any CPU
		{9C6DEA9A-6766-470F-8032-034EB494C980}.Release|Any CPU.ActiveCfg = Release|Any CPU
		{9C6DEA9A-6766-470F-8032-034EB494C980}.Release|Any CPU.Build.0 = Release|Any CPU
	EndGlobalSection
	GlobalSection(SolutionProperties) = preSolution
		HideSolutionNode = FALSE
	EndGlobalSection
	GlobalSection(ExtensibilityGlobals) = postSolution
		SolutionGuid = {019131CB-1A7D-4D1E-81A6-05A68BFD740E}
	EndGlobalSection
EndGlobal
